
Microsoft Visual Studio Solution File, Format Version 12.00
# Visual Studio Version 17
VisualStudioVersion = 17.5.33414.496
MinimumVisualStudioVersion = 10.0.40219.1
Project("{FAE04EC0-301F-11D3-BF4B-00C04F79EFBC}") = "Konstruktion if else", "Konstruktion if else\Konstruktion if else.csproj", "{289AF0BA-7392-406C-AFC0-68E4DF2D0240}"
EndProject
Global
	GlobalSection(SolutionConfigurationPlatforms) = preSolution
		Debug|Any CPU = Debug|Any CPU
		Release|Any CPU = Release|Any CPU
	EndGlobalSection
	GlobalSection(ProjectConfigurationPlatforms) = postSolution
		{289AF0BA-7392-406C-AFC0-68E4DF2D0240}.Debug|Any CPU.ActiveCfg = Debug|Any CPU
		{289AF0BA-7392-406C-AFC0-68E4DF2D0240}.Debug|Any CPU.Build.0 = Debug|Any CPU
		{289AF0BA-7392-406C-AFC0-68E4DF2D0240}.Release|Any CPU.ActiveCfg = Release|Any CPU
		{289AF0BA-7392-406C-AFC0-68E4DF2D0240}.Release|Any CPU.Build.0 = Release|Any CPU
	EndGlobalSection
	GlobalSection(SolutionProperties) = preSolution
		HideSolutionNode = FALSE
	EndGlobalSection
	GlobalSection(ExtensibilityGlobals) = postSolution
		SolutionGuid = {C11F7E13-619C-44E1-AE46-0DD7A079EEBE}
	EndGlobalSection
EndGlobal
